
Microsoft Visual Studio Solution File, Format Version 12.00
# Visual Studio Version 17
VisualStudioVersion = 17.6.33712.159
MinimumVisualStudioVersion = 10.0.40219.1
Project("{9A19103F-16F7-4668-BE54-9A1E7A4F7556}") = "Nager.AuthenticationService.WebApi", "Nager.AuthenticationService.WebApi\Nager.AuthenticationService.WebApi.csproj", "{2361CF04-D289-4264-B7A4-ED7B7F003D73}"
EndProject
Project("{FAE04EC0-301F-11D3-BF4B-00C04F79EFBC}") = "Nager.AuthenticationService.MssqlRepository", "Nager.AuthenticationService.MssqlRepository\Nager.AuthenticationService.MssqlRepository.csproj", "{519D1AAD-94D9-42BD-B514-0FBE69106BCA}"
EndProject
Project("{FAE04EC0-301F-11D3-BF4B-00C04F79EFBC}") = "Nager.AuthenticationService.Abstraction", "Nager.AuthenticationService.Abstraction\Nager.AuthenticationService.Abstraction.csproj", "{AB24109D-6E44-4830-BF79-AAAE70A10C87}"
EndProject
Project("{FAE04EC0-301F-11D3-BF4B-00C04F79EFBC}") = "Nager.AuthenticationService.UnitTest", "Nager.AuthenticationService.UnitTest\Nager.AuthenticationService.UnitTest.csproj", "{FE3051BD-99FE-4EF1-A74F-55EA302118B2}"
EndProject
Global
	GlobalSection(SolutionConfigurationPlatforms) = preSolution
		Debug|Any CPU = Debug|Any CPU
		Debug|x64 = Debug|x64
		Debug|x86 = Debug|x86
		Release|Any CPU = Release|Any CPU
		Release|x64 = Release|x64
		Release|x86 = Release|x86
	EndGlobalSection
	GlobalSection(ProjectConfigurationPlatforms) = postSolution
		{2361CF04-D289-4264-B7A4-ED7B7F003D73}.Debug|Any CPU.ActiveCfg = Debug|Any CPU
		{2361CF04-D289-4264-B7A4-ED7B7F003D73}.Debug|Any CPU.Build.0 = Debug|Any CPU
		{2361CF04-D289-4264-B7A4-ED7B7F003D73}.Debug|x64.ActiveCfg = Debug|Any CPU
		{2361CF04-D289-4264-B7A4-ED7B7F003D73}.Debug|x64.Build.0 = Debug|Any CPU
		{2361CF04-D289-4264-B7A4-ED7B7F003D73}.Debug|x86.ActiveCfg = Debug|Any CPU
		{2361CF04-D289-4264-B7A4-ED7B7F003D73}.Debug|x86.Build.0 = Debug|Any CPU
		{2361CF04-D289-4264-B7A4-ED7B7F003D73}.Release|Any CPU.ActiveCfg = Release|Any CPU
		{2361CF04-D289-4264-B7A4-ED7B7F003D73}.Release|Any CPU.Build.0 = Release|Any CPU
		{2361CF04-D289-4264-B7A4-ED7B7F003D73}.Release|x64.ActiveCfg = Release|Any CPU
		{2361CF04-D289-4264-B7A4-ED7B7F003D73}.Release|x64.Build.0 = Release|Any CPU
		{2361CF04-D289-4264-B7A4-ED7B7F003D73}.Release|x86.ActiveCfg = Release|Any CPU
		{2361CF04-D289-4264-B7A4-ED7B7F003D73}.Release|x86.Build.0 = Release|Any CPU
		{519D1AAD-94D9-42BD-B514-0FBE69106BCA}.Debug|Any CPU.ActiveCfg = Debug|Any CPU
		{519D1AAD-94D9-42BD-B514-0FBE69106BCA}.Debug|Any CPU.Build.0 = Debug|Any CPU
		{519D1AAD-94D9-42BD-B514-0FBE69106BCA}.Debug|x64.ActiveCfg = Debug|Any CPU
		{519D1AAD-94D9-42BD-B514-0FBE69106BCA}.Debug|x64.Build.0 = Debug|Any CPU
		{519D1AAD-94D9-42BD-B514-0FBE69106BCA}.Debug|x86.ActiveCfg = Debug|Any CPU
		{519D1AAD-94D9-42BD-B514-0FBE69106BCA}.Debug|x86.Build.0 = Debug|Any CPU
		{519D1AAD-94D9-42BD-B514-0FBE69106BCA}.Release|Any CPU.ActiveCfg = Release|Any CPU
		{519D1AAD-94D9-42BD-B514-0FBE69106BCA}.Release|Any CPU.Build.0 = Release|Any CPU
		{519D1AAD-94D9-42BD-B514-0FBE69106BCA}.Release|x64.ActiveCfg = Release|Any CPU
		{519D1AAD-94D9-42BD-B514-0FBE69106BCA}.Release|x64.Build.0 = Release|Any CPU
		{519D1AAD-94D9-42BD-B514-0FBE69106BCA}.Release|x86.ActiveCfg = Release|Any CPU
		{519D1AAD-94D9-42BD-B514-0FBE69106BCA}.Release|x86.Build.0 = Release|Any CPU
		{AB24109D-6E44-4830-BF79-AAAE70A10C87}.Debug|Any CPU.ActiveCfg = Debug|Any CPU
		{AB24109D-6E44-4830-BF79-AAAE70A10C87}.Debug|Any CPU.Build.0 = Debug|Any CPU
		{AB24109D-6E44-4830-BF79-AAAE70A10C87}.Debug|x64.ActiveCfg = Debug|Any CPU
		{AB24109D-6E44-4830-BF79-AAAE70A10C87}.Debug|x64.Build.0 = Debug|Any CPU
		{AB24109D-6E44-4830-BF79-AAAE70A10C87}.Debug|x86.ActiveCfg = Debug|Any CPU
		{AB24109D-6E44-4830-BF79-AAAE70A10C87}.Debug|x86.Build.0 = Debug|Any CPU
		{AB24109D-6E44-4830-BF79-AAAE70A10C87}.Release|Any CPU.ActiveCfg = Release|Any CPU
		{AB24109D-6E44-4830-BF79-AAAE70A10C87}.Release|Any CPU.Build.0 = Release|Any CPU
		{AB24109D-6E44-4830-BF79-AAAE70A10C87}.Release|x64.ActiveCfg = Release|Any CPU
		{AB24109D-6E44-4830-BF79-AAAE70A10C87}.Release|x64.Build.0 = Release|Any CPU
		{AB24109D-6E44-4830-BF79-AAAE70A10C87}.Release|x86.ActiveCfg = Release|Any CPU
		{AB24109D-6E44-4830-BF79-AAAE70A10C87}.Release|x86.Build.0 = Release|Any CPU
		{FE3051BD-99FE-4EF1-A74F-55EA302118B2}.Debug|Any CPU.ActiveCfg = Debug|Any CPU
		{FE3051BD-99FE-4EF1-A74F-55EA302118B2}.Debug|Any CPU.Build.0 = Debug|Any CPU
		{FE3051BD-99FE-4EF1-A74F-55EA302118B2}.Debug|x64.ActiveCfg = Debug|Any CPU
		{FE3051BD-99FE-4EF1-A74F-55EA302118B2}.Debug|x64.Build.0 = Debug|Any CPU
		{FE3051BD-99FE-4EF1-A74F-55EA302118B2}.Debug|x86.ActiveCfg = Debug|Any CPU
		{FE3051BD-99FE-4EF1-A74F-55EA302118B2}.Debug|x86.Build.0 = Debug|Any CPU
		{FE3051BD-99FE-4EF1-A74F-55EA302118B2}.Release|Any CPU.ActiveCfg = Release|Any CPU
		{FE3051BD-99FE-4EF1-A74F-55EA302118B2}.Release|Any CPU.Build.0 = Release|Any CPU
		{FE3051BD-99FE-4EF1-A74F-55EA302118B2}.Release|x64.ActiveCfg = Release|Any CPU
		{FE3051BD-99FE-4EF1-A74F-55EA302118B2}.Release|x64.Build.0 = Release|Any CPU
		{FE3051BD-99FE-4EF1-A74F-55EA302118B2}.Release|x86.ActiveCfg = Release|Any CPU
		{FE3051BD-99FE-4EF1-A74F-55EA302118B2}.Release|x86.Build.0 = Release|Any CPU
	EndGlobalSection
	GlobalSection(SolutionProperties) = preSolution
		HideSolutionNode = FALSE
	EndGlobalSection
	GlobalSection(ExtensibilityGlobals) = postSolution
		SolutionGuid = {0222907F-A575-4644-81E3-FA7E94269DC5}
	EndGlobalSection
EndGlobal
